
Microsoft Visual Studio Solution File, Format Version 12.00
# Visual Studio Version 17
VisualStudioVersion = 17.7.34031.279
MinimumVisualStudioVersion = 10.0.40219.1
Project("{9A19103F-16F7-4668-BE54-9A1E7A4F7556}") = "PrancaBeauty.WebApp", "PrancaBeauty.WebApp\PrancaBeauty.WebApp.csproj", "{23F07EB4-54C1-49CA-AD2B-65DA43522078}"
EndProject
Project("{9A19103F-16F7-4668-BE54-9A1E7A4F7556}") = "PrancaBeauty.Domain", "PrancaBeauty.Domain\PrancaBeauty.Domain.csproj", "{EDA2C67A-0527-476B-BE24-86CDF54FE816}"
EndProject
Project("{9A19103F-16F7-4668-BE54-9A1E7A4F7556}") = "PrancaBeauty.Application", "PrancaBeauty.Application\PrancaBeauty.Application.csproj", "{0BFBD89D-46B4-45A8-BA26-ED864F047873}"
EndProject
Project("{9A19103F-16F7-4668-BE54-9A1E7A4F7556}") = "PrancaBeauty.Application.Contracts", "PrancaBeauty.Application.Contracts\PrancaBeauty.Application.Contracts.csproj", "{D07AE8B9-930D-40A2-AE25-7D12927369DC}"
EndProject
Project("{9A19103F-16F7-4668-BE54-9A1E7A4F7556}") = "PrancaBeauty.Infrastructure.Core", "PrancaBeauty.Infrastructure.Core\PrancaBeauty.Infrastructure.Core.csproj", "{0C6B856E-326A-49C4-A941-EA74E14F1F9D}"
EndProject
Project("{9A19103F-16F7-4668-BE54-9A1E7A4F7556}") = "PrancaBeauty.Infrastructure.EfCore", "PrancaBeauty.Infrastructure.EfCore\PrancaBeauty.Infrastructure.EfCore.csproj", "{9BC12D40-853B-432F-BED4-F332445CA4B9}"
EndProject
Project("{9A19103F-16F7-4668-BE54-9A1E7A4F7556}") = "FrameWork", "FrameWork\FrameWork.csproj", "{B8F48515-6824-410A-B81A-13467A9D1FF0}"
EndProject
Project("{9A19103F-16F7-4668-BE54-9A1E7A4F7556}") = "PrancaBeauty.Infrastructure.EfCore.Identity", "PrancaBeauty.Infrastructure.EfCore.Identity\PrancaBeauty.Infrastructure.EfCore.Identity.csproj", "{04F95A03-348D-4275-A8F5-F279CE5C1B19}"
EndProject
Project("{9A19103F-16F7-4668-BE54-9A1E7A4F7556}") = "PrancaBeauty.Infrastructure.EfCore.Identity.JWT", "PrancaBeauty.Infrastructure.EfCore.Identity.JWT\PrancaBeauty.Infrastructure.EfCore.Identity.JWT.csproj", "{3C4B289C-684B-4B26-B29F-8950BD3CA863}"
EndProject
Project("{FAE04EC0-301F-11D3-BF4B-00C04F79EFBC}") = "PrancaBeauty.Infrastructure.LoggerPrj.SeriloggerPrj", "PrancaBeauty.Infrastructure.LoggerPrj.SeriloggerPrj\PrancaBeauty.Infrastructure.LoggerPrj.SeriloggerPrj.csproj", "{1572AEA4-7553-477A-853E-E02BA578F7C2}"
EndProject
Global
	GlobalSection(SolutionConfigurationPlatforms) = preSolution
		Debug|Any CPU = Debug|Any CPU
		Release|Any CPU = Release|Any CPU
	EndGlobalSection
	GlobalSection(ProjectConfigurationPlatforms) = postSolution
		{23F07EB4-54C1-49CA-AD2B-65DA43522078}.Debug|Any CPU.ActiveCfg = Debug|Any CPU
		{23F07EB4-54C1-49CA-AD2B-65DA43522078}.Debug|Any CPU.Build.0 = Debug|Any CPU
		{23F07EB4-54C1-49CA-AD2B-65DA43522078}.Release|Any CPU.ActiveCfg = Release|Any CPU
		{23F07EB4-54C1-49CA-AD2B-65DA43522078}.Release|Any CPU.Build.0 = Release|Any CPU
		{EDA2C67A-0527-476B-BE24-86CDF54FE816}.Debug|Any CPU.ActiveCfg = Debug|Any CPU
		{EDA2C67A-0527-476B-BE24-86CDF54FE816}.Debug|Any CPU.Build.0 = Debug|Any CPU
		{EDA2C67A-0527-476B-BE24-86CDF54FE816}.Release|Any CPU.ActiveCfg = Release|Any CPU
		{EDA2C67A-0527-476B-BE24-86CDF54FE816}.Release|Any CPU.Build.0 = Release|Any CPU
		{0BFBD89D-46B4-45A8-BA26-ED864F047873}.Debug|Any CPU.ActiveCfg = Debug|Any CPU
		{0BFBD89D-46B4-45A8-BA26-ED864F047873}.Debug|Any CPU.Build.0 = Debug|Any CPU
		{0BFBD89D-46B4-45A8-BA26-ED864F047873}.Release|Any CPU.ActiveCfg = Release|Any CPU
		{0BFBD89D-46B4-45A8-BA26-ED864F047873}.Release|Any CPU.Build.0 = Release|Any CPU
		{D07AE8B9-930D-40A2-AE25-7D12927369DC}.Debug|Any CPU.ActiveCfg = Debug|Any CPU
		{D07AE8B9-930D-40A2-AE25-7D12927369DC}.Debug|Any CPU.Build.0 = Debug|Any CPU
		{D07AE8B9-930D-40A2-AE25-7D12927369DC}.Release|Any CPU.ActiveCfg = Release|Any CPU
		{D07AE8B9-930D-40A2-AE25-7D12927369DC}.Release|Any CPU.Build.0 = Release|Any CPU
		{0C6B856E-326A-49C4-A941-EA74E14F1F9D}.Debug|Any CPU.ActiveCfg = Debug|Any CPU
		{0C6B856E-326A-49C4-A941-EA74E14F1F9D}.Debug|Any CPU.Build.0 = Debug|Any CPU
		{0C6B856E-326A-49C4-A941-EA74E14F1F9D}.Release|Any CPU.ActiveCfg = Release|Any CPU
		{0C6B856E-326A-49C4-A941-EA74E14F1F9D}.Release|Any CPU.Build.0 = Release|Any CPU
		{9BC12D40-853B-432F-BED4-F332445CA4B9}.Debug|Any CPU.ActiveCfg = Debug|Any CPU
		{9BC12D40-853B-432F-BED4-F332445CA4B9}.Debug|Any CPU.Build.0 = Debug|Any CPU
		{9BC12D40-853B-432F-BED4-F332445CA4B9}.Release|Any CPU.ActiveCfg = Release|Any CPU
		{9BC12D40-853B-432F-BED4-F332445CA4B9}.Release|Any CPU.Build.0 = Release|Any CPU
		{B8F48515-6824-410A-B81A-13467A9D1FF0}.Debug|Any CPU.ActiveCfg = Debug|Any CPU
		{B8F48515-6824-410A-B81A-13467A9D1FF0}.Debug|Any CPU.Build.0 = Debug|Any CPU
		{B8F48515-6824-410A-B81A-13467A9D1FF0}.Release|Any CPU.ActiveCfg = Release|Any CPU
		{B8F48515-6824-410A-B81A-13467A9D1FF0}.Release|Any CPU.Build.0 = Release|Any CPU
		{04F95A03-348D-4275-A8F5-F279CE5C1B19}.Debug|Any CPU.ActiveCfg = Debug|Any CPU
		{04F95A03-348D-4275-A8F5-F279CE5C1B19}.Debug|Any CPU.Build.0 = Debug|Any CPU
		{04F95A03-348D-4275-A8F5-F279CE5C1B19}.Release|Any CPU.ActiveCfg = Release|Any CPU
		{04F95A03-348D-4275-A8F5-F279CE5C1B19}.Release|Any CPU.Build.0 = Release|Any CPU
		{3C4B289C-684B-4B26-B29F-8950BD3CA863}.Debug|Any CPU.ActiveCfg = Debug|Any CPU
		{3C4B289C-684B-4B26-B29F-8950BD3CA863}.Debug|Any CPU.Build.0 = Debug|Any CPU
		{3C4B289C-684B-4B26-B29F-8950BD3CA863}.Release|Any CPU.ActiveCfg = Release|Any CPU
		{3C4B289C-684B-4B26-B29F-8950BD3CA863}.Release|Any CPU.Build.0 = Release|Any CPU
		{1572AEA4-7553-477A-853E-E02BA578F7C2}.Debug|Any CPU.ActiveCfg = Debug|Any CPU
		{1572AEA4-7553-477A-853E-E02BA578F7C2}.Debug|Any CPU.Build.0 = Debug|Any CPU
		{1572AEA4-7553-477A-853E-E02BA578F7C2}.Release|Any CPU.ActiveCfg = Release|Any CPU
		{1572AEA4-7553-477A-853E-E02BA578F7C2}.Release|Any CPU.Build.0 = Release|Any CPU
	EndGlobalSection
	GlobalSection(SolutionProperties) = preSolution
		HideSolutionNode = FALSE
	EndGlobalSection
	GlobalSection(ExtensibilityGlobals) = postSolution
		SolutionGuid = {E7E5BFE8-F50D-4D6F-B275-F14810D39675}
	EndGlobalSection
EndGlobal
